# This file is automatically @generated by Poetry 2.3.2 and should not be changed by hand.

[[package]]
name = "attrs"
version = "25.4.0"
description = "Classes Without Boilerplate"
optional = false
python-versions = ">=3.9"
groups = ["main"]
files = [
    {file = "attrs-25.4.0-py3-none-any.whl", hash = "sha256:adcf7e2a1fb3b36ac48d97835bb6d8ade15b8dcce26aba8bf1d14847b57a3373"},
    {file = "attrs-25.4.0.tar.gz", hash = "sha256:16d5969b87f0859ef33a48b35d55ac1be6e42ae49d5e853b597db70c35c57e11"},
]

[[package]]
name = "aws-cdk-asset-awscli-v1"
version = "2.2.263"
description = "A library that contains the AWS CLI for use in Lambda Layers"
optional = false
python-versions = "~=3.9"
groups = ["main"]
files = [
    {file = "aws_cdk_asset_awscli_v1-2.2.263-py3-none-any.whl", hash = "sha256:185150757d4216ea982d7b35596de5b3d767776be00cd78cacce02eaa08f8851"},
    {file = "aws_cdk_asset_awscli_v1-2.2.263.tar.gz", hash = "sha256:657605260ace055fac4ae30a6fb84a80504a6e24ce0b1d278913d4db4bafa266"},
]

[package.dependencies]
jsii = ">=1.125.0,<2.0.0"
publication = ">=0.0.3"
typeguard = "2.13.3"

[[package]]
name = "aws-cdk-asset-node-proxy-agent-v6"
version = "2.1.1"
description = "@aws-cdk/asset-node-proxy-agent-v6"
optional = false
python-versions = "~=3.9"
groups = ["main"]
files = [
    {file = "aws_cdk_asset_node_proxy_agent_v6-2.1.1-py3-none-any.whl", hash = "sha256:a24fab484423fcb7c729fb376817a4dbb6a09c176243fd1dcbdaa05ddf62f037"},
    {file = "aws_cdk_asset_node_proxy_agent_v6-2.1.1.tar.gz", hash = "sha256:37211fea7e308144d20666b939d8763d733000d8d837ba968dacaf4983daf574"},
]

[package.dependencies]
jsii = ">=1.126.0,<2.0.0"
publication = ">=0.0.3"
typeguard = "2.13.3"

[[package]]
name = "aws-cdk-cloud-assembly-schema"
version = "52.2.0"
description = "Schema for the protocol between CDK framework and CDK CLI"
optional = false
python-versions = "~=3.9"
groups = ["main"]
files = [
    {file = "aws_cdk_cloud_assembly_schema-52.2.0-py3-none-any.whl", hash = "sha256:87b918589f7d627f45e330726f592ec0b39056e1403558f3a1ba8a2134dacd6f"},
    {file = "aws_cdk_cloud_assembly_schema-52.2.0.tar.gz", hash = "sha256:737309e2c7c7e4b46bd669cb9fe8799a36424c9a174523b54833cf1cd12b5e3f"},
]

[package.dependencies]
jsii = ">=1.121.0,<2.0.0"
publication = ">=0.0.3"
typeguard = "2.13.3"

[[package]]
name = "aws-cdk-lib"
version = "2.244.0"
description = "Version 2 of the AWS Cloud Development Kit library"
optional = false
python-versions = "~=3.9"
groups = ["main"]
files = [
    {file = "aws_cdk_lib-2.244.0-py3-none-any.whl", hash = "sha256:81d28367acae7c998dbce619e266bc572e5ade69f13fcc5520d5dc4055ce65ac"},
    {file = "aws_cdk_lib-2.244.0.tar.gz", hash = "sha256:c39ba2fe54b47fae301c0b4d291ab3f7ce8e2254bec8428723dfdee9bac9beac"},
]

[package.dependencies]
"aws-cdk.asset-awscli-v1" = "2.2.263"
"aws-cdk.asset-node-proxy-agent-v6" = ">=2.1.1,<3.0.0"
"aws-cdk.cloud-assembly-schema" = ">=52.1.0,<53.0.0"
constructs = ">=10.5.0,<11.0.0"
jsii = ">=1.127.0,<2.0.0"
publication = ">=0.0.3"
typeguard = "2.13.3"

[[package]]
name = "cattrs"
version = "25.3.0"
description = "Composable complex class support for attrs and dataclasses."
optional = false
python-versions = ">=3.9"
groups = ["main"]
files = [
    {file = "cattrs-25.3.0-py3-none-any.whl", hash = "sha256:9896e84e0a5bf723bc7b4b68f4481785367ce07a8a02e7e9ee6eb2819bc306ff"},
    {file = "cattrs-25.3.0.tar.gz", hash = "sha256:1ac88d9e5eda10436c4517e390a4142d88638fe682c436c93db7ce4a277b884a"},
]

[package.dependencies]
attrs = ">=25.4.0"
typing-extensions = ">=4.14.0"

[package.extras]
bson = ["pymongo (>=4.4.0)"]
cbor2 = ["cbor2 (>=5.4.6)"]
msgpack = ["msgpack (>=1.0.5)"]
msgspec = ["msgspec (>=0.19.0) ; implementation_name == \"cpython\""]
orjson = ["orjson (>=3.11.3) ; implementation_name == \"cpython\""]
pyyaml = ["pyyaml (>=6.0)"]
tomlkit = ["tomlkit (>=0.11.8)"]
ujson = ["ujson (>=5.10.0)"]

[[package]]
name = "constructs"
version = "10.6.0"
description = "A programming model for software-defined state"
optional = false
python-versions = "~=3.9"
groups = ["main"]
files = [
    {file = "constructs-10.6.0-py3-none-any.whl", hash = "sha256:ad4ffabdb53c17cde00fb94e441a1ba9fddac57c92ad49d263f8dbd416cec513"},
    {file = "constructs-10.6.0.tar.gz", hash = "sha256:bc55d1d390142424861e5ff5c6b8c243c4bae18fe7302e0939c2003f329ba365"},
]

[package.dependencies]
jsii = ">=1.127.0,<2.0.0"
publication = ">=0.0.3"
typeguard = "2.13.3"

[[package]]
name = "importlib-resources"
version = "6.5.2"
description = "Read resources from Python packages"
optional = false
python-versions = ">=3.9"
groups = ["main"]
files = [
    {file = "importlib_resources-6.5.2-py3-none-any.whl", hash = "sha256:789cfdc3ed28c78b67a06acb8126751ced69a3d5f79c095a98298cd8a760ccec"},
    {file = "importlib_resources-6.5.2.tar.gz", hash = "sha256:185f87adef5bcc288449d98fb4fba07cea78bc036455dd44c5fc4a2fe78fed2c"},
]

[package.extras]
check = ["pytest-checkdocs (>=2.4)", "pytest-ruff (>=0.2.1) ; sys_platform != \"cygwin\""]
cover = ["pytest-cov"]
doc = ["furo", "jaraco.packaging (>=9.3)", "jaraco.tidelift (>=1.4)", "rst.linker (>=1.9)", "sphinx (>=3.5)", "sphinx-lint"]
enabler = ["pytest-enabler (>=2.2)"]
test = ["jaraco.test (>=5.4)", "pytest (>=6,!=8.1.*)", "zipp (>=3.17)"]
type = ["pytest-mypy"]

[[package]]
name = "jsii"
version = "1.127.0"
description = "Python client for jsii runtime"
optional = false
python-versions = "~=3.9"
groups = ["main"]
files = [
    {file = "jsii-1.127.0-py3-none-any.whl", hash = "sha256:92a11f39e461f5168e2467efd53351cc32b118314b95cc6323c2d044eb299eaf"},
    {file = "jsii-1.127.0.tar.gz", hash = "sha256:631a13d73265eaa22c0c0804e77fe59c8fcc3af3a94de9923af65380b6ad267a"},
]

[package.dependencies]
attrs = ">=21.2,<26.0"
cattrs = ">=1.8,<25.4"
importlib_resources = ">=5.2.0"
publication = ">=0.0.3"
python-dateutil = "*"
typeguard = "2.13.3"
typing_extensions = ">=3.8,<5.0"

[[package]]
name = "publication"
version = "0.0.3"
description = "Publication helps you maintain public-api-friendly modules by preventing unintentional access to private implementation details via introspection."
optional = false
python-versions = "*"
groups = ["main"]
files = [
    {file = "publication-0.0.3-py2.py3-none-any.whl", hash = "sha256:0248885351febc11d8a1098d5c8e3ab2dabcf3e8c0c96db1e17ecd12b53afbe6"},
    {file = "publication-0.0.3.tar.gz", hash = "sha256:68416a0de76dddcdd2930d1c8ef853a743cc96c82416c4e4d3b5d901c6276dc4"},
]

[[package]]
name = "python-dateutil"
version = "2.9.0.post0"
description = "Extensions to the standard Python datetime module"
optional = false
python-versions = "!=3.0.*,!=3.1.*,!=3.2.*,>=2.7"
groups = ["main"]
files = [
    {file = "python-dateutil-2.9.0.post0.tar.gz", hash = "sha256:37dd54208da7e1cd875388217d5e00ebd4179249f90fb72437e91a35459a0ad3"},
    {file = "python_dateutil-2.9.0.post0-py2.py3-none-any.whl", hash = "sha256:a8b2bc7bffae282281c8140a97d3aa9c14da0b136dfe83f850eea9a5f7470427"},
]

[package.dependencies]
six = ">=1.5"

[[package]]
name = "six"
version = "1.17.0"
description = "Python 2 and 3 compatibility utilities"
optional = false
python-versions = "!=3.0.*,!=3.1.*,!=3.2.*,>=2.7"
groups = ["main"]
files = [
    {file = "six-1.17.0-py2.py3-none-any.whl", hash = "sha256:4721f391ed90541fddacab5acf947aa0d3dc7d27b2e1e8eda2be8970586c3274"},
    {file = "six-1.17.0.tar.gz", hash = "sha256:ff70335d468e7eb6ec65b95b99d3a2836546063f63acc5171de367e834932a81"},
]

[[package]]
name = "typeguard"
version = "2.13.3"
description = "Run-time type checker for Python"
optional = false
python-versions = ">=3.5.3"
groups = ["main"]
files = [
    {file = "typeguard-2.13.3-py3-none-any.whl", hash = "sha256:5e3e3be01e887e7eafae5af63d1f36c849aaa94e3a0112097312aabfa16284f1"},
    {file = "typeguard-2.13.3.tar.gz", hash = "sha256:00edaa8da3a133674796cf5ea87d9f4b4c367d77476e185e80251cc13dfbb8c4"},
]

[package.extras]
doc = ["sphinx-autodoc-typehints (>=1.2.0)", "sphinx-rtd-theme"]
test = ["mypy ; platform_python_implementation != \"PyPy\"", "pytest", "typing-extensions"]

[[package]]
name = "typing-extensions"
version = "4.15.0"
description = "Backported and Experimental Type Hints for Python 3.9+"
optional = false
python-versions = ">=3.9"
groups = ["main"]
files = [
    {file = "typing_extensions-4.15.0-py3-none-any.whl", hash = "sha256:f0fa19c6845758ab08074a0cfa8b7aecb71c999ca73d62883bc25cc018c4e548"},
    {file = "typing_extensions-4.15.0.tar.gz", hash = "sha256:0cea48d173cc12fa28ecabc3b837ea3cf6f38c6d1136f85cbaaf598984861466"},
]

[metadata]
lock-version = "2.1"
python-versions = "^3.12"
content-hash = "c8b2e677b86affb9af9bd0400a5a0d0399d1d064949dfb5037272b0e7c34e605"
